[[package]]
name = "alloc-no-stdlib"
version = "1.3.0"
source = "registry+https://github.com/rust-lang/crates.io-index"

[[package]]
name = "brotli"
version = "2.2.1"
source = "registry+https://github.com/rust-lang/crates.io-index"
dependencies = [
 "alloc-no-stdlib 1.3.0 (registry+https://github.com/rust-lang/crates.io-index)",
 "brotli-decompressor 1.3.1 (registry+https://github.com/rust-lang/crates.io-index)",
]

[[package]]
name = "brotli-decompressor"
version = "1.3.1"
source = "registry+https://github.com/rust-lang/crates.io-index"
dependencies = [
 "alloc-no-stdlib 1.3.0 (registry+https://github.com/rust-lang/crates.io-index)",
]

[[package]]
name = "lepton"
version = "0.0.1"
dependencies = [
 "alloc-no-stdlib 1.3.0 (registry+https://github.com/rust-lang/crates.io-index)",
 "brotli 2.2.1 (registry+https://github.com/rust-lang/crates.io-index)",
 "brotli-decompressor 1.3.1 (registry+https://github.com/rust-lang/crates.io-index)",
]

[metadata]
"checksum alloc-no-stdlib 1.3.0 (registry+https://github.com/rust-lang/crates.io-index)" = "71877e174a5d78c969228d628c4f7f3b545d13452bd3d9393fa07aacfb7c6894"
"checksum brotli 2.2.1 (registry+https://github.com/rust-lang/crates.io-index)" = "37124388ff8786bdb066eba984cfe1d117c2509c7dd2aa5a03ab819df0010a2e"
"checksum brotli-decompressor 1.3.1 (registry+https://github.com/rust-lang/crates.io-index)" = "471bf19486c9aaf5b817ed04c49ccc8acd8d28c70d5114e710e8b9f530df89cd"
